
Microsoft Visual Studio Solution File, Format Version 12.00
# Visual Studio Version 17
VisualStudioVersion = 17.11.35312.102
MinimumVisualStudioVersion = 10.0.40219.1
Project("{9A19103F-16F7-4668-BE54-9A1E7A4F7556}") = "Simple Book Collection Manager", "Simple Book Collection Manager\Simple Book Collection Manager.csproj", "{47A9B303-33FD-4E7D-BBE1-BD113BF9C499}"
EndProject
Project("{2150E333-8FDC-42A3-9474-1A3956D46DE8}") = "Domain", "Domain", "{1D3F5D40-A26D-4E4E-A68D-07BB507BD286}"
EndProject
Project("{9A19103F-16F7-4668-BE54-9A1E7A4F7556}") = "Domaine", "Domain\Domaine\Domaine.csproj", "{AFB5EE3E-4073-430F-828A-C999056D26AC}"
EndProject
Project("{2150E333-8FDC-42A3-9474-1A3956D46DE8}") = "Application", "Application", "{FC69D6E6-680C-42A2-92C8-D70676C10818}"
EndProject
Project("{FAE04EC0-301F-11D3-BF4B-00C04F79EFBC}") = "Application", "Application\Application.csproj", "{2D2BF67B-B42F-4CEC-B83A-8C17469AC58F}"
EndProject
Project("{2150E333-8FDC-42A3-9474-1A3956D46DE8}") = "Presentation", "Presentation", "{216FF8C7-1292-49B5-B637-3EC1F4CD410F}"
EndProject
Project("{2150E333-8FDC-42A3-9474-1A3956D46DE8}") = "Infrastructure", "Infrastructure", "{654B9BED-AB30-4DEC-82F6-33DF3489C399}"
EndProject
Project("{FAE04EC0-301F-11D3-BF4B-00C04F79EFBC}") = "Infrastructure", "Infrastructure\Infrastructure.csproj", "{1ABE066E-9C60-4DE6-85FC-058358BD81E7}"
EndProject
Global
	GlobalSection(SolutionConfigurationPlatforms) = preSolution
		Debug|Any CPU = Debug|Any CPU
		Release|Any CPU = Release|Any CPU
	EndGlobalSection
	GlobalSection(ProjectConfigurationPlatforms) = postSolution
		{47A9B303-33FD-4E7D-BBE1-BD113BF9C499}.Debug|Any CPU.ActiveCfg = Debug|Any CPU
		{47A9B303-33FD-4E7D-BBE1-BD113BF9C499}.Debug|Any CPU.Build.0 = Debug|Any CPU
		{47A9B303-33FD-4E7D-BBE1-BD113BF9C499}.Release|Any CPU.ActiveCfg = Release|Any CPU
		{47A9B303-33FD-4E7D-BBE1-BD113BF9C499}.Release|Any CPU.Build.0 = Release|Any CPU
		{AFB5EE3E-4073-430F-828A-C999056D26AC}.Debug|Any CPU.ActiveCfg = Debug|Any CPU
		{AFB5EE3E-4073-430F-828A-C999056D26AC}.Debug|Any CPU.Build.0 = Debug|Any CPU
		{AFB5EE3E-4073-430F-828A-C999056D26AC}.Release|Any CPU.ActiveCfg = Release|Any CPU
		{AFB5EE3E-4073-430F-828A-C999056D26AC}.Release|Any CPU.Build.0 = Release|Any CPU
		{2D2BF67B-B42F-4CEC-B83A-8C17469AC58F}.Debug|Any CPU.ActiveCfg = Debug|Any CPU
		{2D2BF67B-B42F-4CEC-B83A-8C17469AC58F}.Debug|Any CPU.Build.0 = Debug|Any CPU
		{2D2BF67B-B42F-4CEC-B83A-8C17469AC58F}.Release|Any CPU.ActiveCfg = Release|Any CPU
		{2D2BF67B-B42F-4CEC-B83A-8C17469AC58F}.Release|Any CPU.Build.0 = Release|Any CPU
		{1ABE066E-9C60-4DE6-85FC-058358BD81E7}.Debug|Any CPU.ActiveCfg = Debug|Any CPU
		{1ABE066E-9C60-4DE6-85FC-058358BD81E7}.Debug|Any CPU.Build.0 = Debug|Any CPU
		{1ABE066E-9C60-4DE6-85FC-058358BD81E7}.Release|Any CPU.ActiveCfg = Release|Any CPU
		{1ABE066E-9C60-4DE6-85FC-058358BD81E7}.Release|Any CPU.Build.0 = Release|Any CPU
	EndGlobalSection
	GlobalSection(SolutionProperties) = preSolution
		HideSolutionNode = FALSE
	EndGlobalSection
	GlobalSection(NestedProjects) = preSolution
		{47A9B303-33FD-4E7D-BBE1-BD113BF9C499} = {216FF8C7-1292-49B5-B637-3EC1F4CD410F}
		{AFB5EE3E-4073-430F-828A-C999056D26AC} = {1D3F5D40-A26D-4E4E-A68D-07BB507BD286}
		{2D2BF67B-B42F-4CEC-B83A-8C17469AC58F} = {FC69D6E6-680C-42A2-92C8-D70676C10818}
		{1ABE066E-9C60-4DE6-85FC-058358BD81E7} = {654B9BED-AB30-4DEC-82F6-33DF3489C399}
	EndGlobalSection
	GlobalSection(ExtensibilityGlobals) = postSolution
		SolutionGuid = {0A54BBEB-4249-44C1-A2D8-E4234BDC14C1}
	EndGlobalSection
EndGlobal
